
Microsoft Visual Studio Solution File, Format Version 12.00
# Visual Studio 15
VisualStudioVersion = 15.0.28307.421
MinimumVisualStudioVersion = 10.0.40219.1
Project("{FAE04EC0-301F-11D3-BF4B-00C04F79EFBC}") = "FactoryPattern", "FactoryPattern\FactoryPattern.csproj", "{F8BBF728-57C5-4701-B8F7-422A692CF579}"
EndProject
Global
	GlobalSection(SolutionConfigurationPlatforms) = preSolution
		Debug|Any CPU = Debug|Any CPU
		Release|Any CPU = Release|Any CPU
	EndGlobalSection
	GlobalSection(ProjectConfigurationPlatforms) = postSolution
		{F8BBF728-57C5-4701-B8F7-422A692CF579}.Debug|Any CPU.ActiveCfg = Debug|Any CPU
		{F8BBF728-57C5-4701-B8F7-422A692CF579}.Debug|Any CPU.Build.0 = Debug|Any CPU
		{F8BBF728-57C5-4701-B8F7-422A692CF579}.Release|Any CPU.ActiveCfg = Release|Any CPU
		{F8BBF728-57C5-4701-B8F7-422A692CF579}.Release|Any CPU.Build.0 = Release|Any CPU
	EndGlobalSection
	GlobalSection(SolutionProperties) = preSolution
		HideSolutionNode = FALSE
	EndGlobalSection
	GlobalSection(ExtensibilityGlobals) = postSolution
		SolutionGuid = {32419BCB-C303-4F27-B24A-0BE1EBA97074}
	EndGlobalSection
EndGlobal
